
Microsoft Visual Studio Solution File, Format Version 12.00
# Visual Studio 15
VisualStudioVersion = 15.0.27428.2043
MinimumVisualStudioVersion = 10.0.40219.1
Project("{FAE04EC0-301F-11D3-BF4B-00C04F79EFBC}") = "PuzzleSolver", "PuzzleSolver\PuzzleSolver.csproj", "{49A103C0-0CFE-4FC2-9CA0-8BDCF3D78621}"
EndProject
Global
	GlobalSection(SolutionConfigurationPlatforms) = preSolution
		Debug|Any CPU = Debug|Any CPU
		Release|Any CPU = Release|Any CPU
	EndGlobalSection
	GlobalSection(ProjectConfigurationPlatforms) = postSolution
		{49A103C0-0CFE-4FC2-9CA0-8BDCF3D78621}.Debug|Any CPU.ActiveCfg = Debug|Any CPU
		{49A103C0-0CFE-4FC2-9CA0-8BDCF3D78621}.Debug|Any CPU.Build.0 = Debug|Any CPU
		{49A103C0-0CFE-4FC2-9CA0-8BDCF3D78621}.Release|Any CPU.ActiveCfg = Release|Any CPU
		{49A103C0-0CFE-4FC2-9CA0-8BDCF3D78621}.Release|Any CPU.Build.0 = Release|Any CPU
	EndGlobalSection
	GlobalSection(SolutionProperties) = preSolution
		HideSolutionNode = FALSE
	EndGlobalSection
	GlobalSection(ExtensibilityGlobals) = postSolution
		SolutionGuid = {CE589895-A48F-4A0C-AFCC-A9CB2B1D3167}
	EndGlobalSection
EndGlobal
